
Microsoft Visual Studio Solution File, Format Version 12.00
# Visual Studio 2013
VisualStudioVersion = 12.0.31101.0
MinimumVisualStudioVersion = 10.0.40219.1
Project("{6141683F-8A12-4E36-9623-2EB02B2C2303}") = "cfgToolSetup", "cfgToolSetup.isproj", "{D116FCB8-700D-48AA-9714-973F5F67309D}"
EndProject
Global
	GlobalSection(SolutionConfigurationPlatforms) = preSolution
		CD_ROM|Default = CD_ROM|Default
		DVD-5|Default = DVD-5|Default
		SingleImage|Default = SingleImage|Default
	EndGlobalSection
	GlobalSection(ProjectConfigurationPlatforms) = postSolution
		{D116FCB8-700D-48AA-9714-973F5F67309D}.CD_ROM|Default.ActiveCfg = SingleImage
		{D116FCB8-700D-48AA-9714-973F5F67309D}.CD_ROM|Default.Build.0 = SingleImage
		{D116FCB8-700D-48AA-9714-973F5F67309D}.DVD-5|Default.ActiveCfg = DVD-5
		{D116FCB8-700D-48AA-9714-973F5F67309D}.DVD-5|Default.Build.0 = DVD-5
		{D116FCB8-700D-48AA-9714-973F5F67309D}.SingleImage|Default.ActiveCfg = SingleImage
		{D116FCB8-700D-48AA-9714-973F5F67309D}.SingleImage|Default.Build.0 = SingleImage
	EndGlobalSection
	GlobalSection(SolutionProperties) = preSolution
		HideSolutionNode = FALSE
	EndGlobalSection
EndGlobal
