
Microsoft Visual Studio Solution File, Format Version 12.00
# Visual Studio Version 16
VisualStudioVersion = 16.0.30406.217
MinimumVisualStudioVersion = 10.0.40219.1
Project("{FAE04EC0-301F-11D3-BF4B-00C04F79EFBC}") = "configtool", "configtool\configtool.csproj", "{656F18C1-0E41-4E1F-972F-F1A034A81CED}"
EndProject
Project("{6141683F-8A12-4E36-9623-2EB02B2C2303}") = "dcms_setup", "dcms_setup\dcms_setup.isproj", "{613499AD-79C9-4FF6-83AE-FDA3DB28BAFA}"
EndProject
Project("{840C416C-B8F3-42BC-B0DD-F6BB14C9F8CB}") = "cfgToolSetup", "cfgToolSetup\cfgToolSetup.aiproj", "{392529EA-DA0B-44CD-B918-AE2DA9D81201}"
EndProject
Global
	GlobalSection(SolutionConfigurationPlatforms) = preSolution
		All|Any CPU = All|Any CPU
		CD_ROM|Any CPU = CD_ROM|Any CPU
		Debug|Any CPU = Debug|Any CPU
		DVD-5|Any CPU = DVD-5|Any CPU
		Release|Any CPU = Release|Any CPU
		SingleImage|Any CPU = SingleImage|Any CPU
	EndGlobalSection
	GlobalSection(ProjectConfigurationPlatforms) = postSolution
		{656F18C1-0E41-4E1F-972F-F1A034A81CED}.All|Any CPU.ActiveCfg = Debug|Any CPU
		{656F18C1-0E41-4E1F-972F-F1A034A81CED}.All|Any CPU.Build.0 = Debug|Any CPU
		{656F18C1-0E41-4E1F-972F-F1A034A81CED}.CD_ROM|Any CPU.ActiveCfg = Release|Any CPU
		{656F18C1-0E41-4E1F-972F-F1A034A81CED}.CD_ROM|Any CPU.Build.0 = Release|Any CPU
		{656F18C1-0E41-4E1F-972F-F1A034A81CED}.Debug|Any CPU.ActiveCfg = Debug|Any CPU
		{656F18C1-0E41-4E1F-972F-F1A034A81CED}.Debug|Any CPU.Build.0 = Debug|Any CPU
		{656F18C1-0E41-4E1F-972F-F1A034A81CED}.DVD-5|Any CPU.ActiveCfg = Debug|Any CPU
		{656F18C1-0E41-4E1F-972F-F1A034A81CED}.DVD-5|Any CPU.Build.0 = Debug|Any CPU
		{656F18C1-0E41-4E1F-972F-F1A034A81CED}.Release|Any CPU.ActiveCfg = Release|Any CPU
		{656F18C1-0E41-4E1F-972F-F1A034A81CED}.Release|Any CPU.Build.0 = Release|Any CPU
		{656F18C1-0E41-4E1F-972F-F1A034A81CED}.SingleImage|Any CPU.ActiveCfg = Debug|Any CPU
		{656F18C1-0E41-4E1F-972F-F1A034A81CED}.SingleImage|Any CPU.Build.0 = Debug|Any CPU
		{613499AD-79C9-4FF6-83AE-FDA3DB28BAFA}.All|Any CPU.ActiveCfg = SingleImage
		{613499AD-79C9-4FF6-83AE-FDA3DB28BAFA}.CD_ROM|Any CPU.ActiveCfg = CD_ROM
		{613499AD-79C9-4FF6-83AE-FDA3DB28BAFA}.CD_ROM|Any CPU.Build.0 = CD_ROM
		{613499AD-79C9-4FF6-83AE-FDA3DB28BAFA}.Debug|Any CPU.ActiveCfg = DVD-5
		{613499AD-79C9-4FF6-83AE-FDA3DB28BAFA}.Debug|Any CPU.Build.0 = DVD-5
		{613499AD-79C9-4FF6-83AE-FDA3DB28BAFA}.DVD-5|Any CPU.ActiveCfg = DVD-5
		{613499AD-79C9-4FF6-83AE-FDA3DB28BAFA}.DVD-5|Any CPU.Build.0 = DVD-5
		{613499AD-79C9-4FF6-83AE-FDA3DB28BAFA}.Release|Any CPU.ActiveCfg = SingleImage
		{613499AD-79C9-4FF6-83AE-FDA3DB28BAFA}.Release|Any CPU.Build.0 = SingleImage
		{613499AD-79C9-4FF6-83AE-FDA3DB28BAFA}.SingleImage|Any CPU.ActiveCfg = SingleImage
		{613499AD-79C9-4FF6-83AE-FDA3DB28BAFA}.SingleImage|Any CPU.Build.0 = SingleImage
		{392529EA-DA0B-44CD-B918-AE2DA9D81201}.All|Any CPU.ActiveCfg = DefaultBuild
		{392529EA-DA0B-44CD-B918-AE2DA9D81201}.CD_ROM|Any CPU.ActiveCfg = DefaultBuild
		{392529EA-DA0B-44CD-B918-AE2DA9D81201}.Debug|Any CPU.ActiveCfg = DefaultBuild
		{392529EA-DA0B-44CD-B918-AE2DA9D81201}.DVD-5|Any CPU.ActiveCfg = DefaultBuild
		{392529EA-DA0B-44CD-B918-AE2DA9D81201}.Release|Any CPU.ActiveCfg = DefaultBuild
		{392529EA-DA0B-44CD-B918-AE2DA9D81201}.SingleImage|Any CPU.ActiveCfg = DefaultBuild
	EndGlobalSection
	GlobalSection(SolutionProperties) = preSolution
		HideSolutionNode = FALSE
	EndGlobalSection
	GlobalSection(ExtensibilityGlobals) = postSolution
		SolutionGuid = {92F911EA-CA15-4D4F-9956-E03FE4104250}
	EndGlobalSection
EndGlobal
